// !$*UTF8*$!
{
	archiveVersion = 1;
	classes = {
	};
	objectVersion = 77;
	objects = {

/* Begin PBXContainerItemProxy section */
		D537436D2E919CFF0040D1B4 /* PBXContainerItemProxy */ = {
			isa = PBXContainerItemProxy;
			containerPortal = D53743572E919CFE0040D1B4 /* Project object */;
			proxyType = 1;
			remoteGlobalIDString = D537435E2E919CFE0040D1B4;
			remoteInfo = PennyWise;
		};
		D53743772E919CFF0040D1B4 /* PBXContainerItemProxy */ = {
			isa = PBXContainerItemProxy;
			containerPortal = D53743572E919CFE0040D1B4 /* Project object */;
			proxyType = 1;
			remoteGlobalIDString = D537435E2E919CFE0040D1B4;
			remoteInfo = PennyWise;
		};
/* End PBXContainerItemProxy section */

/* Begin PBXFileReference section */
		D537435F2E919CFE0040D1B4 /* PennyWise.app */ = {isa = PBXFileReference; explicitFileType = wrapper.application; includeInIndex = 0; path = PennyWise.app; sourceTree = BUILT_PRODUCTS_DIR; };
		D537436C2E919CFF0040D1B4 /* PennyWiseTests.xctest */ = {isa = PBXFileReference; explicitFileType = wrapper.cfbundle; includeInIndex = 0; path = PennyWiseTests.xctest; sourceTree = BUILT_PRODUCTS_DIR; };
		D53743762E919CFF0040D1B4 /* PennyWiseUITests.xctest */ = {isa = PBXFileReference; explicitFileType = wrapper.cfbundle; includeInIndex = 0; path = PennyWiseUITests.xctest; sourceTree = BUILT_PRODUCTS_DIR; };
/* End PBXFileReference section */

/* Begin PBXFileSystemSynchronizedRootGroup section */
		D53743612E919CFE0040D1B4 /* PennyWise */ = {
			isa = PBXFileSystemSynchronizedRootGroup;
			path = PennyWise;
			sourceTree = "<group>";
		};
		D537436F2E919CFF0040D1B4 /* PennyWiseTests */ = {
			isa = PBXFileSystemSynchronizedRootGroup;
			path = PennyWiseTests;
			sourceTree = "<group>";
		};
		D53743792E919CFF0040D1B4 /* PennyWiseUITests */ = {
			isa = PBXFileSystemSynchronizedRootGroup;
			path = PennyWiseUITests;
			sourceTree = "<group>";
		};
/* End PBXFileSystemSynchronizedRootGroup section */

/* Begin PBXFrameworksBuildPhase section */
		D537435C2E919CFE0040D1B4 /* Frameworks */ = {
			isa = PBXFrameworksBuildPhase;
			buildActionMask = 2147483647;
			files = (
			);
			runOnlyForDeploymentPostprocessing = 0;
		};
		D53743692E919CFF0040D1B4 /* Frameworks */ = {
			isa = PBXFrameworksBuildPhase;
			buildActionMask = 2147483647;
			files = (
			);
			runOnlyForDeploymentPostprocessing = 0;
		};
		D53743732E919CFF0040D1B4 /* Frameworks */ = {
			isa = PBXFrameworksBuildPhase;
			buildActionMask = 2147483647;
			files = (
			);
			runOnlyForDeploymentPostprocessing = 0;
		};
/* End PBXFrameworksBuildPhase section */

/* Begin PBXGroup section */
		D53743562E919CFE0040D1B4 = {
			isa = PBXGroup;
			children = (
				D53743612E919CFE0040D1B4 /* PennyWise */,
				D537436F2E919CFF0040D1B4 /* PennyWiseTests */,
				D53743792E919CFF0040D1B4 /* PennyWiseUITests */,
				D53743602E919CFE0040D1B4 /* Products */,
			);
			sourceTree = "<group>";
		};
		D53743602E919CFE0040D1B4 /* Products */ = {
			isa = PBXGroup;
			children = (
				D537435F2E919CFE0040D1B4 /* PennyWise.app */,
				D537436C2E919CFF0040D1B4 /* PennyWiseTests.xctest */,
				D53743762E919CFF0040D1B4 /* PennyWiseUITests.xctest */,
			);
			name = Products;
			sourceTree = "<group>";
		};
/* End PBXGroup section */

/* Begin PBXNativeTarget section */
		D537435E2E919CFE0040D1B4 /* PennyWise */ = {
			isa = PBXNativeTarget;
			buildConfigurationList = D53743802E919CFF0040D1B4 /* Build configuration list for PBXNativeTarget "PennyWise" */;
			buildPhases = (
				D537435B2E919CFE0040D1B4 /* Sources */,
				D537435C2E919CFE0040D1B4 /* Frameworks */,
				D537435D2E919CFE0040D1B4 /* Resources */,
			);
			buildRules = (
			);
			dependencies = (
			);
			fileSystemSynchronizedGroups = (
				D53743612E919CFE0040D1B4 /* PennyWise */,
			);
			name = PennyWise;
			packageProductDependencies = (
			);
			productName = PennyWise;
			productReference = D537435F2E919CFE0040D1B4 /* PennyWise.app */;
			productType = "com.apple.product-type.application";
		};
		D537436B2E919CFF0040D1B4 /* PennyWiseTests */ = {
			isa = PBXNativeTarget;
			buildConfigurationList = D53743832E919CFF0040D1B4 /* Build configuration list for PBXNativeTarget "PennyWiseTests" */;
			buildPhases = (
				D53743682E919CFF0040D1B4 /* Sources */,
				D53743692E919CFF0040D1B4 /* Frameworks */,
				D537436A2E919CFF0040D1B4 /* Resources */,
			);
			buildRules = (
			);
			dependencies = (
				D537436E2E919CFF0040D1B4 /* PBXTargetDependency */,
			);
			fileSystemSynchronizedGroups = (
				D537436F2E919CFF0040D1B4 /* PennyWiseTests */,
			);
			name = PennyWiseTests;
			packageProductDependencies = (
			);
			productName = PennyWiseTests;
			productReference = D537436C2E919CFF0040D1B4 /* PennyWiseTests.xctest */;
			productType = "com.apple.product-type.bundle.unit-test";
		};
		D53743752E919CFF0040D1B4 /* PennyWiseUITests */ = {
			isa = PBXNativeTarget;
			buildConfigurationList = D53743862E919CFF0040D1B4 /* Build configuration list for PBXNativeTarget "PennyWiseUITests" */;
			buildPhases = (
				D53743722E919CFF0040D1B4 /* Sources */,
				D53743732E919CFF0040D1B4 /* Frameworks */,
				D53743742E919CFF0040D1B4 /* Resources */,
			);
			buildRules = (
			);
			dependencies = (
				D53743782E919CFF0040D1B4 /* PBXTargetDependency */,
			);
			fileSystemSynchronizedGroups = (
				D53743792E919CFF0040D1B4 /* PennyWiseUITests */,
			);
			name = PennyWiseUITests;
			packageProductDependencies = (
			);
			productName = PennyWiseUITests;
			productReference = D53743762E919CFF0040D1B4 /* PennyWiseUITests.xctest */;
			productType = "com.apple.product-type.bundle.ui-testing";
		};
/* End PBXNativeTarget section */

/* Begin PBXProject section */
		D53743572E919CFE0040D1B4 /* Project object */ = {
			isa = PBXProject;
			attributes = {
				BuildIndependentTargetsInParallel = 1;
				LastSwiftUpdateCheck = 1640;
				LastUpgradeCheck = 1640;
				TargetAttributes = {
					D537435E2E919CFE0040D1B4 = {
						CreatedOnToolsVersion = 16.4;
					};
					D537436B2E919CFF0040D1B4 = {
						CreatedOnToolsVersion = 16.4;
						TestTargetID = D537435E2E919CFE0040D1B4;
					};
					D53743752E919CFF0040D1B4 = {
						CreatedOnToolsVersion = 16.4;
						TestTargetID = D537435E2E919CFE0040D1B4;
					};
				};
			};
			buildConfigurationList = D537435A2E919CFE0040D1B4 /* Build configuration list for PBXProject "PennyWise" */;
			developmentRegion = en;
			hasScannedForEncodings = 0;
			knownRegions = (
				en,
				Base,
			);
			mainGroup = D53743562E919CFE0040D1B4;
			minimizedProjectReferenceProxies = 1;
			preferredProjectObjectVersion = 77;
			productRefGroup = D53743602E919CFE0040D1B4 /* Products */;
			projectDirPath = "";
			projectRoot = "";
			targets = (
				D537435E2E919CFE0040D1B4 /* PennyWise */,
				D537436B2E919CFF0040D1B4 /* PennyWiseTests */,
				D53743752E919CFF0040D1B4 /* PennyWiseUITests */,
			);
		};
/* End PBXProject section */

/* Begin PBXResourcesBuildPhase section */
		D537435D2E919CFE0040D1B4 /* Resources */ = {
			isa = PBXResourcesBuildPhase;
			buildActionMask = 2147483647;
			files = (
			);
			runOnlyForDeploymentPostprocessing = 0;
		};
		D537436A2E919CFF0040D1B4 /* Resources */ = {
			isa = PBXResourcesBuildPhase;
			buildActionMask = 2147483647;
			files = (
			);
			runOnlyForDeploymentPostprocessing = 0;
		};
		D53743742E919CFF0040D1B4 /* Resources */ = {
			isa = PBXResourcesBuildPhase;
			buildActionMask = 2147483647;
			files = (
			);
			runOnlyForDeploymentPostprocessing = 0;
		};
/* End PBXResourcesBuildPhase section */

/* Begin PBXSourcesBuildPhase section */
		D537435B2E919CFE0040D1B4 /* Sources */ = {
			isa = PBXSourcesBuildPhase;
			buildActionMask = 2147483647;
			files = (
			);
			runOnlyForDeploymentPostprocessing = 0;
		};
		D53743682E919CFF0040D1B4 /* Sources */ = {
			isa = PBXSourcesBuildPhase;
			buildActionMask = 2147483647;
			files = (
			);
			runOnlyForDeploymentPostprocessing = 0;
		};
		D53743722E919CFF0040D1B4 /* Sources */ = {
			isa = PBXSourcesBuildPhase;
			buildActionMask = 2147483647;
			files = (
			);
			runOnlyForDeploymentPostprocessing = 0;
		};
/* End PBXSourcesBuildPhase section */

/* Begin PBXTargetDependency section */
		D537436E2E919CFF0040D1B4 /* PBXTargetDependency */ = {
			isa = PBXTargetDependency;
			target = D537435E2E919CFE0040D1B4 /* PennyWise */;
			targetProxy = D537436D2E919CFF0040D1B4 /* PBXContainerItemProxy */;
		};
		D53743782E919CFF0040D1B4 /* PBXTargetDependency */ = {
			isa = PBXTargetDependency;
			target = D537435E2E919CFE0040D1B4 /* PennyWise */;
			targetProxy = D53743772E919CFF0040D1B4 /* PBXContainerItemProxy */;
		};
/* End PBXTargetDependency section */

/* Begin XCBuildConfiguration section */
		D537437E2E919CFF0040D1B4 /* Debug */ = {
			isa = XCBuildConfiguration;
			buildSettings = {
				ALWAYS_SEARCH_USER_PATHS = NO;
				ASSETCATALOG_COMPILER_GENERATE_SWIFT_ASSET_SYMBOL_EXTENSIONS = YES;
				CLANG_ANALYZER_NONNULL = YES;
				CLANG_ANALYZER_NUMBER_OBJECT_CONVERSION = YES_AGGRESSIVE;
				CLANG_CXX_LANGUAGE_STANDARD = "gnu++20";
				CLANG_ENABLE_MODULES = YES;
				CLANG_ENABLE_OBJC_ARC = YES;
				CLANG_ENABLE_OBJC_WEAK = YES;
				CLANG_WARN_BLOCK_CAPTURE_AUTORELEASING = YES;
				CLANG_WARN_BOOL_CONVERSION = YES;
				CLANG_WARN_COMMA = YES;
				CLANG_WARN_CONSTANT_CONVERSION = YES;
				CLANG_WARN_DEPRECATED_OBJC_IMPLEMENTATIONS = YES;
				CLANG_WARN_DIRECT_OBJC_ISA_USAGE = YES_ERROR;
				CLANG_WARN_DOCUMENTATION_COMMENTS = YES;
				CLANG_WARN_EMPTY_BODY = YES;
				CLANG_WARN_ENUM_CONVERSION = YES;
				CLANG_WARN_INFINITE_RECURSION = YES;
				CLANG_WARN_INT_CONVERSION = YES;
				CLANG_WARN_NON_LITERAL_NULL_CONVERSION = YES;
				CLANG_WARN_OBJC_IMPLICIT_RETAIN_SELF = YES;
				CLANG_WARN_OBJC_LITERAL_CONVERSION = YES;
				CLANG_WARN_OBJC_ROOT_CLASS = YES_ERROR;
				CLANG_WARN_QUOTED_INCLUDE_IN_FRAMEWORK_HEADER = YES;
				CLANG_WARN_RANGE_LOOP_ANALYSIS = YES;
				CLANG_WARN_STRICT_PROTOTYPES = YES;
				CLANG_WARN_SUSPICIOUS_MOVE = YES;
				CLANG_WARN_UNGUARDED_AVAILABILITY = YES_AGGRESSIVE;
				CLANG_WARN_UNREACHABLE_CODE = YES;
				CLANG_WARN__DUPLICATE_METHOD_MATCH = YES;
				COPY_PHASE_STRIP = NO;
				DEBUG_INFORMATION_FORMAT = dwarf;
				ENABLE_STRICT_OBJC_MSGSEND = YES;
				ENABLE_TESTABILITY = YES;
				ENABLE_USER_SCRIPT_SANDBOXING = YES;
				GCC_C_LANGUAGE_STANDARD = gnu17;
				GCC_DYNAMIC_NO_PIC = NO;
				GCC_NO_COMMON_BLOCKS = YES;
				GCC_OPTIMIZATION_LEVEL = 0;
				GCC_PREPROCESSOR_DEFINITIONS = (
					"DEBUG=1",
					"$(inherited)",
				);
				GCC_WARN_64_TO_32_BIT_CONVERSION = YES;
				GCC_WARN_ABOUT_RETURN_TYPE = YES_ERROR;
				GCC_WARN_UNDECLARED_SELECTOR = YES;
				GCC_WARN_UNINITIALIZED_AUTOS = YES_AGGRESSIVE;
				GCC_WARN_UNUSED_FUNCTION = YES;
				GCC_WARN_UNUSED_VARIABLE = YES;
				IPHONEOS_DEPLOYMENT_TARGET = 18.5;
				LOCALIZATION_PREFERS_STRING_CATALOGS = YES;
				MTL_ENABLE_DEBUG_INFO = INCLUDE_SOURCE;
				MTL_FAST_MATH = YES;
				ONLY_ACTIVE_ARCH = YES;
				SDKROOT = iphoneos;
				SWIFT_ACTIVE_COMPILATION_CONDITIONS = "DEBUG $(inherited)";
				SWIFT_OPTIMIZATION_LEVEL = "-Onone";
			};
			name = Debug;
		};
		D537437F2E919CFF0040D1B4 /* Release */ = {
			isa = XCBuildConfiguration;
			buildSettings = {
				ALWAYS_SEARCH_USER_PATHS = NO;
				ASSETCATALOG_COMPILER_GENERATE_SWIFT_ASSET_SYMBOL_EXTENSIONS = YES;
				CLANG_ANALYZER_NONNULL = YES;
				CLANG_ANALYZER_NUMBER_OBJECT_CONVERSION = YES_AGGRESSIVE;
				CLANG_CXX_LANGUAGE_STANDARD = "gnu++20";
				CLANG_ENABLE_MODULES = YES;
				CLANG_ENABLE_OBJC_ARC = YES;
				CLANG_ENABLE_OBJC_WEAK = YES;
				CLANG_WARN_BLOCK_CAPTURE_AUTORELEASING = YES;
				CLANG_WARN_BOOL_CONVERSION = YES;
				CLANG_WARN_COMMA = YES;
				CLANG_WARN_CONSTANT_CONVERSION = YES;
				CLANG_WARN_DEPRECATED_OBJC_IMPLEMENTATIONS = YES;
				CLANG_WARN_DIRECT_OBJC_ISA_USAGE = YES_ERROR;
				CLANG_WARN_DOCUMENTATION_COMMENTS = YES;
				CLANG_WARN_EMPTY_BODY = YES;
				CLANG_WARN_ENUM_CONVERSION = YES;
				CLANG_WARN_INFINITE_RECURSION = YES;
				CLANG_WARN_INT_CONVERSION = YES;
				CLANG_WARN_NON_LITERAL_NULL_CONVERSION = YES;
				CLANG_WARN_OBJC_IMPLICIT_RETAIN_SELF = YES;
				CLANG_WARN_OBJC_LITERAL_CONVERSION = YES;
				CLANG_WARN_OBJC_ROOT_CLASS = YES_ERROR;
				CLANG_WARN_QUOTED_INCLUDE_IN_FRAMEWORK_HEADER = YES;
				CLANG_WARN_RANGE_LOOP_ANALYSIS = YES;
				CLANG_WARN_STRICT_PROTOTYPES = YES;
				CLANG_WARN_SUSPICIOUS_MOVE = YES;
				CLANG_WARN_UNGUARDED_AVAILABILITY = YES_AGGRESSIVE;
				CLANG_WARN_UNREACHABLE_CODE = YES;
				CLANG_WARN__DUPLICATE_METHOD_MATCH = YES;
				COPY_PHASE_STRIP = NO;
				DEBUG_INFORMATION_FORMAT = "dwarf-with-dsym";
				ENABLE_NS_ASSERTIONS = NO;
				ENABLE_STRICT_OBJC_MSGSEND = YES;
				ENABLE_USER_SCRIPT_SANDBOXING = YES;
				GCC_C_LANGUAGE_STANDARD = gnu17;
				GCC_NO_COMMON_BLOCKS = YES;
				GCC_WARN_64_TO_32_BIT_CONVERSION = YES;
				GCC_WARN_ABOUT_RETURN_TYPE = YES_ERROR;
				GCC_WARN_UNDECLARED_SELECTOR = YES;
				GCC_WARN_UNINITIALIZED_AUTOS = YES_AGGRESSIVE;
				GCC_WARN_UNUSED_FUNCTION = YES;
				GCC_WARN_UNUSED_VARIABLE = YES;
				IPHONEOS_DEPLOYMENT_TARGET = 18.5;
				LOCALIZATION_PREFERS_STRING_CATALOGS = YES;
				MTL_ENABLE_DEBUG_INFO = NO;
				MTL_FAST_MATH = YES;
				SDKROOT = iphoneos;
				SWIFT_COMPILATION_MODE = wholemodule;
				VALIDATE_PRODUCT = YES;
			};
			name = Release;
		};
		D53743812E919CFF0040D1B4 /* Debug */ = {
			isa = XCBuildConfiguration;
			buildSettings = {
				ASSETCATALOG_COMPILER_APPICON_NAME = AppIcon;
				ASSETCATALOG_COMPILER_GLOBAL_ACCENT_COLOR_NAME = AccentColor;
				CODE_SIGN_STYLE = Automatic;
				CURRENT_PROJECT_VERSION = 1;
				ENABLE_PREVIEWS = YES;
				GENERATE_INFOPLIST_FILE = YES;
				INFOPLIST_KEY_UIApplicationSceneManifest_Generation = YES;
				INFOPLIST_KEY_UIApplicationSupportsIndirectInputEvents = YES;
				INFOPLIST_KEY_UILaunchScreen_Generation = YES;
				INFOPLIST_KEY_UISupportedInterfaceOrientations_iPad = "UIInterfaceOrientationPortrait UIInterfaceOrientationPortraitUpsideDown UIInterfaceOrientationLandscapeLeft UIInterfaceOrientationLandscapeRight";
				INFOPLIST_KEY_UISupportedInterfaceOrientations_iPhone = "UIInterfaceOrientationPortrait UIInterfaceOrientationLandscapeLeft UIInterfaceOrientationLandscapeRight";
				LD_RUNPATH_SEARCH_PATHS = (
					"$(inherited)",
					"@executable_path/Frameworks",
				);
				MARKETING_VERSION = 1.0;
				PRODUCT_BUNDLE_IDENTIFIER = a.PennyWise;
				PRODUCT_NAME = "$(TARGET_NAME)";
				SWIFT_EMIT_LOC_STRINGS = YES;
				SWIFT_VERSION = 5.0;
				TARGETED_DEVICE_FAMILY = "1,2";
			};
			name = Debug;
		};
		D53743822E919CFF0040D1B4 /* Release */ = {
			isa = XCBuildConfiguration;
			buildSettings = {
				ASSETCATALOG_COMPILER_APPICON_NAME = AppIcon;
				ASSETCATALOG_COMPILER_GLOBAL_ACCENT_COLOR_NAME = AccentColor;
				CODE_SIGN_STYLE = Automatic;
				CURRENT_PROJECT_VERSION = 1;
				ENABLE_PREVIEWS = YES;
				GENERATE_INFOPLIST_FILE = YES;
				INFOPLIST_KEY_UIApplicationSceneManifest_Generation = YES;
				INFOPLIST_KEY_UIApplicationSupportsIndirectInputEvents = YES;
				INFOPLIST_KEY_UILaunchScreen_Generation = YES;
				INFOPLIST_KEY_UISupportedInterfaceOrientations_iPad = "UIInterfaceOrientationPortrait UIInterfaceOrientationPortraitUpsideDown UIInterfaceOrientationLandscapeLeft UIInterfaceOrientationLandscapeRight";
				INFOPLIST_KEY_UISupportedInterfaceOrientations_iPhone = "UIInterfaceOrientationPortrait UIInterfaceOrientationLandscapeLeft UIInterfaceOrientationLandscapeRight";
				LD_RUNPATH_SEARCH_PATHS = (
					"$(inherited)",
					"@executable_path/Frameworks",
				);
				MARKETING_VERSION = 1.0;
				PRODUCT_BUNDLE_IDENTIFIER = a.PennyWise;
				PRODUCT_NAME = "$(TARGET_NAME)";
				SWIFT_EMIT_LOC_STRINGS = YES;
				SWIFT_VERSION = 5.0;
				TARGETED_DEVICE_FAMILY = "1,2";
			};
			name = Release;
		};
		D53743842E919CFF0040D1B4 /* Debug */ = {
			isa = XCBuildConfiguration;
			buildSettings = {
				BUNDLE_LOADER = "$(TEST_HOST)";
				CODE_SIGN_STYLE = Automatic;
				CURRENT_PROJECT_VERSION = 1;
				GENERATE_INFOPLIST_FILE = YES;
				IPHONEOS_DEPLOYMENT_TARGET = 18.5;
				MARKETING_VERSION = 1.0;
				PRODUCT_BUNDLE_IDENTIFIER = a.PennyWiseTests;
				PRODUCT_NAME = "$(TARGET_NAME)";
				SWIFT_EMIT_LOC_STRINGS = NO;
				SWIFT_VERSION = 5.0;
				TARGETED_DEVICE_FAMILY = "1,2";
				TEST_HOST = "$(BUILT_PRODUCTS_DIR)/PennyWise.app/$(BUNDLE_EXECUTABLE_FOLDER_PATH)/PennyWise";
			};
			name = Debug;
		};
		D53743852E919CFF0040D1B4 /* Release */ = {
			isa = XCBuildConfiguration;
			buildSettings = {
				BUNDLE_LOADER = "$(TEST_HOST)";
				CODE_SIGN_STYLE = Automatic;
				CURRENT_PROJECT_VERSION = 1;
				GENERATE_INFOPLIST_FILE = YES;
				IPHONEOS_DEPLOYMENT_TARGET = 18.5;
				MARKETING_VERSION = 1.0;
				PRODUCT_BUNDLE_IDENTIFIER = a.PennyWiseTests;
				PRODUCT_NAME = "$(TARGET_NAME)";
				SWIFT_EMIT_LOC_STRINGS = NO;
				SWIFT_VERSION = 5.0;
				TARGETED_DEVICE_FAMILY = "1,2";
				TEST_HOST = "$(BUILT_PRODUCTS_DIR)/PennyWise.app/$(BUNDLE_EXECUTABLE_FOLDER_PATH)/PennyWise";
			};
			name = Release;
		};
		D53743872E919CFF0040D1B4 /* Debug */ = {
			isa = XCBuildConfiguration;
			buildSettings = {
				CODE_SIGN_STYLE = Automatic;
				CURRENT_PROJECT_VERSION = 1;
				GENERATE_INFOPLIST_FILE = YES;
				MARKETING_VERSION = 1.0;
				PRODUCT_BUNDLE_IDENTIFIER = a.PennyWiseUITests;
				PRODUCT_NAME = "$(TARGET_NAME)";
				SWIFT_EMIT_LOC_STRINGS = NO;
				SWIFT_VERSION = 5.0;
				TARGETED_DEVICE_FAMILY = "1,2";
				TEST_TARGET_NAME = PennyWise;
			};
			name = Debug;
		};
		D53743882E919CFF0040D1B4 /* Release */ = {
			isa = XCBuildConfiguration;
			buildSettings = {
				CODE_SIGN_STYLE = Automatic;
				CURRENT_PROJECT_VERSION = 1;
				GENERATE_INFOPLIST_FILE = YES;
				MARKETING_VERSION = 1.0;
				PRODUCT_BUNDLE_IDENTIFIER = a.PennyWiseUITests;
				PRODUCT_NAME = "$(TARGET_NAME)";
				SWIFT_EMIT_LOC_STRINGS = NO;
				SWIFT_VERSION = 5.0;
				TARGETED_DEVICE_FAMILY = "1,2";
				TEST_TARGET_NAME = PennyWise;
			};
			name = Release;
		};
/* End XCBuildConfiguration section */

/* Begin XCConfigurationList section */
		D537435A2E919CFE0040D1B4 /* Build configuration list for PBXProject "PennyWise" */ = {
			isa = XCConfigurationList;
			buildConfigurations = (
				D537437E2E919CFF0040D1B4 /* Debug */,
				D537437F2E919CFF0040D1B4 /* Release */,
			);
			defaultConfigurationIsVisible = 0;
			defaultConfigurationName = Release;
		};
		D53743802E919CFF0040D1B4 /* Build configuration list for PBXNativeTarget "PennyWise" */ = {
			isa = XCConfigurationList;
			buildConfigurations = (
				D53743812E919CFF0040D1B4 /* Debug */,
				D53743822E919CFF0040D1B4 /* Release */,
			);
			defaultConfigurationIsVisible = 0;
			defaultConfigurationName = Release;
		};
		D53743832E919CFF0040D1B4 /* Build configuration list for PBXNativeTarget "PennyWiseTests" */ = {
			isa = XCConfigurationList;
			buildConfigurations = (
				D53743842E919CFF0040D1B4 /* Debug */,
				D53743852E919CFF0040D1B4 /* Release */,
			);
			defaultConfigurationIsVisible = 0;
			defaultConfigurationName = Release;
		};
		D53743862E919CFF0040D1B4 /* Build configuration list for PBXNativeTarget "PennyWiseUITests" */ = {
			isa = XCConfigurationList;
			buildConfigurations = (
				D53743872E919CFF0040D1B4 /* Debug */,
				D53743882E919CFF0040D1B4 /* Release */,
			);
			defaultConfigurationIsVisible = 0;
			defaultConfigurationName = Release;
		};
/* End XCConfigurationList section */
	};
	rootObject = D53743572E919CFE0040D1B4 /* Project object */;
}
